
Microsoft Visual Studio Solution File, Format Version 12.00
# Visual Studio Version 16
VisualStudioVersion = 16.0.32901.82
MinimumVisualStudioVersion = 10.0.40219.1
Project("{FAE04EC0-301F-11D3-BF4B-00C04F79EFBC}") = "ASGSSTN006", "ASGSSTN006\ASGSSTN006.csproj", "{378EBF53-C4DA-495A-9946-A2B8D67888C8}"
EndProject
Global
	GlobalSection(SolutionConfigurationPlatforms) = preSolution
		Debug|Any CPU = Debug|Any CPU
		Release|Any CPU = Release|Any CPU
	EndGlobalSection
	GlobalSection(ProjectConfigurationPlatforms) = postSolution
		{378EBF53-C4DA-495A-9946-A2B8D67888C8}.Debug|Any CPU.ActiveCfg = Debug|Any CPU
		{378EBF53-C4DA-495A-9946-A2B8D67888C8}.Debug|Any CPU.Build.0 = Debug|Any CPU
		{378EBF53-C4DA-495A-9946-A2B8D67888C8}.Release|Any CPU.ActiveCfg = Release|Any CPU
		{378EBF53-C4DA-495A-9946-A2B8D67888C8}.Release|Any CPU.Build.0 = Release|Any CPU
	EndGlobalSection
	GlobalSection(SolutionProperties) = preSolution
		HideSolutionNode = FALSE
	EndGlobalSection
	GlobalSection(ExtensibilityGlobals) = postSolution
		SolutionGuid = {449B22A9-B611-437B-9E40-EFC19656D117}
	EndGlobalSection
EndGlobal
